PODS:
  - FBSnapshotTestCase (2.1.4):
    - FBSnapshotTestCase/SwiftSupport (= 2.1.4)
  - FBSnapshotTestCase/Core (2.1.4)
  - FBSnapshotTestCase/SwiftSupport (2.1.4):
    - FBSnapshotTestCase/Core
  - GNRAlertController (0.3.2):
    - GNRFoundation
    - Masonry
  - GNRFoundation (0.2.3)
  - Masonry (1.1.0)

DEPENDENCIES:
  - FBSnapshotTestCase
  - GNRAlertController (from `../`)

SPEC REPOS:
  https://github.com/cocoapods/specs.git:
    - FBSnapshotTestCase
    - GNRFoundation
    - Masonry

EXTERNAL SOURCES:
  GNRAlertController:
    :path: "../"

SPEC CHECKSUMS:
  FBSnapshotTestCase: 094f9f314decbabe373b87cc339bea235a63e07a
  GNRAlertController: d73e481a8514b6f3ff80526d0dd2f6be741db4a4
  GNRFoundation: 0775e3aa0321eb7f70eebec76c90bb16cbea6015
  Masonry: 678fab65091a9290e40e2832a55e7ab731aad201

PODFILE CHECKSUM: 74aa96eabe3b72bed2970b501f150d6cdf64508b

COCOAPODS: 1.5.3
